// !$*UTF8*$!
{
	archiveVersion = 1;
	classes = {
	};
	objectVersion = 46;
	objects = {

/* Begin PBXBuildFile section */
		FC62637C1B47457B00EAD10B /* AppDelegate.swift in Sources */ = {isa = PBXBuildFile; fileRef = FC62637B1B47457B00EAD10B /* AppDelegate.swift */; };
		FC62637E1B47457B00EAD10B /* ViewController.swift in Sources */ = {isa = PBXBuildFile; fileRef = FC62637D1B47457B00EAD10B /* ViewController.swift */; };
		FC6263811B47457B00EAD10B /* Main.storyboard in Resources */ = {isa = PBXBuildFile; fileRef = FC62637F1B47457B00EAD10B /* Main.storyboard */; };
		FC6263831B47457B00EAD10B /* Images.xcassets in Resources */ = {isa = PBXBuildFile; fileRef = FC6263821B47457B00EAD10B /* Images.xcassets */; };
		FC6263861B47457B00EAD10B /* LaunchScreen.xib in Resources */ = {isa = PBXBuildFile; fileRef = FC6263841B47457B00EAD10B /* LaunchScreen.xib */; };
		FC6263921B47457B00EAD10B /* networkMashupTests.swift in Sources */ = {isa = PBXBuildFile; fileRef = FC6263911B47457B00EAD10B /* networkMashupTests.swift */; };
		FC6263A41B4746C900EAD10B /* Alamofire.swift in Sources */ = {isa = PBXBuildFile; fileRef = FC62639C1B4746C900EAD10B /* Alamofire.swift */; };
		FC6263A51B4746C900EAD10B /* Download.swift in Sources */ = {isa = PBXBuildFile; fileRef = FC62639D1B4746C900EAD10B /* Download.swift */; };
		FC6263A61B4746C900EAD10B /* Manager.swift in Sources */ = {isa = PBXBuildFile; fileRef = FC62639E1B4746C900EAD10B /* Manager.swift */; };
		FC6263A71B4746C900EAD10B /* ParameterEncoding.swift in Sources */ = {isa = PBXBuildFile; fileRef = FC62639F1B4746C900EAD10B /* ParameterEncoding.swift */; };
		FC6263A81B4746C900EAD10B /* Request.swift in Sources */ = {isa = PBXBuildFile; fileRef = FC6263A01B4746C900EAD10B /* Request.swift */; };
		FC6263A91B4746C900EAD10B /* ResponseSerialization.swift in Sources */ = {isa = PBXBuildFile; fileRef = FC6263A11B4746C900EAD10B /* ResponseSerialization.swift */; };
		FC6263AA1B4746C900EAD10B /* Upload.swift in Sources */ = {isa = PBXBuildFile; fileRef = FC6263A21B4746C900EAD10B /* Upload.swift */; };
		FC6263AB1B4746C900EAD10B /* Validation.swift in Sources */ = {isa = PBXBuildFile; fileRef = FC6263A31B4746C900EAD10B /* Validation.swift */; };
/* End PBXBuildFile section */

/* Begin PBXContainerItemProxy section */
		FC62638C1B47457B00EAD10B /* PBXContainerItemProxy */ = {
			isa = PBXContainerItemProxy;
			containerPortal = FC62636E1B47457B00EAD10B /* Project object */;
			proxyType = 1;
			remoteGlobalIDString = FC6263751B47457B00EAD10B;
			remoteInfo = networkMashup;
		};
/* End PBXContainerItemProxy section */

/* Begin PBXFileReference section */
		FC6263761B47457B00EAD10B /* networkMashup.app */ = {isa = PBXFileReference; explicitFileType = wrapper.application; includeInIndex = 0; path = networkMashup.app; sourceTree = BUILT_PRODUCTS_DIR; };
		FC62637A1B47457B00EAD10B /* Info.plist */ = {isa = PBXFileReference; lastKnownFileType = text.plist.xml; path = Info.plist; sourceTree = "<group>"; };
		FC62637B1B47457B00EAD10B /* AppDelegate.swift */ = {isa = PBXFileReference; lastKnownFileType = sourcecode.swift; path = AppDelegate.swift; sourceTree = "<group>"; };
		FC62637D1B47457B00EAD10B /* ViewController.swift */ = {isa = PBXFileReference; lastKnownFileType = sourcecode.swift; path = ViewController.swift; sourceTree = "<group>"; };
		FC6263801B47457B00EAD10B /* Base */ = {isa = PBXFileReference; lastKnownFileType = file.storyboard; name = Base; path = Base.lproj/Main.storyboard; sourceTree = "<group>"; };
		FC6263821B47457B00EAD10B /* Images.xcassets */ = {isa = PBXFileReference; lastKnownFileType = folder.assetcatalog; path = Images.xcassets; sourceTree = "<group>"; };
		FC6263851B47457B00EAD10B /* Base */ = {isa = PBXFileReference; lastKnownFileType = file.xib; name = Base; path = Base.lproj/LaunchScreen.xib; sourceTree = "<group>"; };
		FC62638B1B47457B00EAD10B /* networkMashupTests.xctest */ = {isa = PBXFileReference; explicitFileType = wrapper.cfbundle; includeInIndex = 0; path = networkMashupTests.xctest; sourceTree = BUILT_PRODUCTS_DIR; };
		FC6263901B47457B00EAD10B /* Info.plist */ = {isa = PBXFileReference; lastKnownFileType = text.plist.xml; path = Info.plist; sourceTree = "<group>"; };
		FC6263911B47457B00EAD10B /* networkMashupTests.swift */ = {isa = PBXFileReference; lastKnownFileType = sourcecode.swift; path = networkMashupTests.swift; sourceTree = "<group>"; };
		FC62639C1B4746C900EAD10B /* Alamofire.swift */ = {isa = PBXFileReference; fileEncoding = 4; lastKnownFileType = sourcecode.swift; path = Alamofire.swift; sourceTree = "<group>"; };
		FC62639D1B4746C900EAD10B /* Download.swift */ = {isa = PBXFileReference; fileEncoding = 4; lastKnownFileType = sourcecode.swift; path = Download.swift; sourceTree = "<group>"; };
		FC62639E1B4746C900EAD10B /* Manager.swift */ = {isa = PBXFileReference; fileEncoding = 4; lastKnownFileType = sourcecode.swift; path = Manager.swift; sourceTree = "<group>"; };
		FC62639F1B4746C900EAD10B /* ParameterEncoding.swift */ = {isa = PBXFileReference; fileEncoding = 4; lastKnownFileType = sourcecode.swift; path = ParameterEncoding.swift; sourceTree = "<group>"; };
		FC6263A01B4746C900EAD10B /* Request.swift */ = {isa = PBXFileReference; fileEncoding = 4; lastKnownFileType = sourcecode.swift; path = Request.swift; sourceTree = "<group>"; };
		FC6263A11B4746C900EAD10B /* ResponseSerialization.swift */ = {isa = PBXFileReference; fileEncoding = 4; lastKnownFileType = sourcecode.swift; path = ResponseSerialization.swift; sourceTree = "<group>"; };
		FC6263A21B4746C900EAD10B /* Upload.swift */ = {isa = PBXFileReference; fileEncoding = 4; lastKnownFileType = sourcecode.swift; path = Upload.swift; sourceTree = "<group>"; };
		FC6263A31B4746C900EAD10B /* Validation.swift */ = {isa = PBXFileReference; fileEncoding = 4; lastKnownFileType = sourcecode.swift; path = Validation.swift; sourceTree = "<group>"; };
/* End PBXFileReference section */

/* Begin PBXFrameworksBuildPhase section */
		FC6263731B47457B00EAD10B /* Frameworks */ = {
			isa = PBXFrameworksBuildPhase;
			buildActionMask = 2147483647;
			files = (
			);
			runOnlyForDeploymentPostprocessing = 0;
		};
		FC6263881B47457B00EAD10B /* Frameworks */ = {
			isa = PBXFrameworksBuildPhase;
			buildActionMask = 2147483647;
			files = (
			);
			runOnlyForDeploymentPostprocessing = 0;
		};
/* End PBXFrameworksBuildPhase section */

/* Begin PBXGroup section */
		FC62636D1B47457B00EAD10B = {
			isa = PBXGroup;
			children = (
				FC6263781B47457B00EAD10B /* networkMashup */,
				FC62638E1B47457B00EAD10B /* networkMashupTests */,
				FC6263771B47457B00EAD10B /* Products */,
			);
			sourceTree = "<group>";
		};
		FC6263771B47457B00EAD10B /* Products */ = {
			isa = PBXGroup;
			children = (
				FC6263761B47457B00EAD10B /* networkMashup.app */,
				FC62638B1B47457B00EAD10B /* networkMashupTests.xctest */,
			);
			name = Products;
			sourceTree = "<group>";
		};
		FC6263781B47457B00EAD10B /* networkMashup */ = {
			isa = PBXGroup;
			children = (
				FC62639B1B4746B400EAD10B /* AlamoFire */,
				FC62637B1B47457B00EAD10B /* AppDelegate.swift */,
				FC62637D1B47457B00EAD10B /* ViewController.swift */,
				FC62637F1B47457B00EAD10B /* Main.storyboard */,
				FC6263821B47457B00EAD10B /* Images.xcassets */,
				FC6263841B47457B00EAD10B /* LaunchScreen.xib */,
				FC6263791B47457B00EAD10B /* Supporting Files */,
			);
			path = networkMashup;
			sourceTree = "<group>";
		};
		FC6263791B47457B00EAD10B /* Supporting Files */ = {
			isa = PBXGroup;
			children = (
				FC62637A1B47457B00EAD10B /* Info.plist */,
			);
			name = "Supporting Files";
			sourceTree = "<group>";
		};
		FC62638E1B47457B00EAD10B /* networkMashupTests */ = {
			isa = PBXGroup;
			children = (
				FC6263911B47457B00EAD10B /* networkMashupTests.swift */,
				FC62638F1B47457B00EAD10B /* Supporting Files */,
			);
			path = networkMashupTests;
			sourceTree = "<group>";
		};
		FC62638F1B47457B00EAD10B /* Supporting Files */ = {
			isa = PBXGroup;
			children = (
				FC6263901B47457B00EAD10B /* Info.plist */,
			);
			name = "Supporting Files";
			sourceTree = "<group>";
		};
		FC62639B1B4746B400EAD10B /* AlamoFire */ = {
			isa = PBXGroup;
			children = (
				FC62639C1B4746C900EAD10B /* Alamofire.swift */,
				FC62639D1B4746C900EAD10B /* Download.swift */,
				FC62639E1B4746C900EAD10B /* Manager.swift */,
				FC62639F1B4746C900EAD10B /* ParameterEncoding.swift */,
				FC6263A01B4746C900EAD10B /* Request.swift */,
				FC6263A11B4746C900EAD10B /* ResponseSerialization.swift */,
				FC6263A21B4746C900EAD10B /* Upload.swift */,
				FC6263A31B4746C900EAD10B /* Validation.swift */,
			);
			name = AlamoFire;
			sourceTree = "<group>";
		};
/* End PBXGroup section */

/* Begin PBXNativeTarget section */
		FC6263751B47457B00EAD10B /* networkMashup */ = {
			isa = PBXNativeTarget;
			buildConfigurationList = FC6263951B47457B00EAD10B /* Build configuration list for PBXNativeTarget "networkMashup" */;
			buildPhases = (
				FC6263721B47457B00EAD10B /* Sources */,
				FC6263731B47457B00EAD10B /* Frameworks */,
				FC6263741B47457B00EAD10B /* Resources */,
			);
			buildRules = (
			);
			dependencies = (
			);
			name = networkMashup;
			productName = networkMashup;
			productReference = FC6263761B47457B00EAD10B /* networkMashup.app */;
			productType = "com.apple.product-type.application";
		};
		FC62638A1B47457B00EAD10B /* networkMashupTests */ = {
			isa = PBXNativeTarget;
			buildConfigurationList = FC6263981B47457B00EAD10B /* Build configuration list for PBXNativeTarget "networkMashupTests" */;
			buildPhases = (
				FC6263871B47457B00EAD10B /* Sources */,
				FC6263881B47457B00EAD10B /* Frameworks */,
				FC6263891B47457B00EAD10B /* Resources */,
			);
			buildRules = (
			);
			dependencies = (
				FC62638D1B47457B00EAD10B /* PBXTargetDependency */,
			);
			name = networkMashupTests;
			productName = networkMashupTests;
			productReference = FC62638B1B47457B00EAD10B /* networkMashupTests.xctest */;
			productType = "com.apple.product-type.bundle.unit-test";
		};
/* End PBXNativeTarget section */

/* Begin PBXProject section */
		FC62636E1B47457B00EAD10B /* Project object */ = {
			isa = PBXProject;
			attributes = {
				LastUpgradeCheck = 0630;
				ORGANIZATIONNAME = "Thorn Technologies";
				TargetAttributes = {
					FC6263751B47457B00EAD10B = {
						CreatedOnToolsVersion = 6.3.1;
					};
					FC62638A1B47457B00EAD10B = {
						CreatedOnToolsVersion = 6.3.1;
						TestTargetID = FC6263751B47457B00EAD10B;
					};
				};
			};
			buildConfigurationList = FC6263711B47457B00EAD10B /* Build configuration list for PBXProject "networkMashup" */;
			compatibilityVersion = "Xcode 3.2";
			developmentRegion = English;
			hasScannedForEncodings = 0;
			knownRegions = (
				en,
				Base,
			);
			mainGroup = FC62636D1B47457B00EAD10B;
			productRefGroup = FC6263771B47457B00EAD10B /* Products */;
			projectDirPath = "";
			projectRoot = "";
			targets = (
				FC6263751B47457B00EAD10B /* networkMashup */,
				FC62638A1B47457B00EAD10B /* networkMashupTests */,
			);
		};
/* End PBXProject section */

/* Begin PBXResourcesBuildPhase section */
		FC6263741B47457B00EAD10B /* Resources */ = {
			isa = PBXResourcesBuildPhase;
			buildActionMask = 2147483647;
			files = (
				FC6263811B47457B00EAD10B /* Main.storyboard in Resources */,
				FC6263861B47457B00EAD10B /* LaunchScreen.xib in Resources */,
				FC6263831B47457B00EAD10B /* Images.xcassets in Resources */,
			);
			runOnlyForDeploymentPostprocessing = 0;
		};
		FC6263891B47457B00EAD10B /* Resources */ = {
			isa = PBXResourcesBuildPhase;
			buildActionMask = 2147483647;
			files = (
			);
			runOnlyForDeploymentPostprocessing = 0;
		};
/* End PBXResourcesBuildPhase section */

/* Begin PBXSourcesBuildPhase section */
		FC6263721B47457B00EAD10B /* Sources */ = {
			isa = PBXSourcesBuildPhase;
			buildActionMask = 2147483647;
			files = (
				FC6263AA1B4746C900EAD10B /* Upload.swift in Sources */,
				FC6263A71B4746C900EAD10B /* ParameterEncoding.swift in Sources */,
				FC6263A41B4746C900EAD10B /* Alamofire.swift in Sources */,
				FC6263A51B4746C900EAD10B /* Download.swift in Sources */,
				FC6263A91B4746C900EAD10B /* ResponseSerialization.swift in Sources */,
				FC62637E1B47457B00EAD10B /* ViewController.swift in Sources */,
				FC6263A81B4746C900EAD10B /* Request.swift in Sources */,
				FC62637C1B47457B00EAD10B /* AppDelegate.swift in Sources */,
				FC6263AB1B4746C900EAD10B /* Validation.swift in Sources */,
				FC6263A61B4746C900EAD10B /* Manager.swift in Sources */,
			);
			runOnlyForDeploymentPostprocessing = 0;
		};
		FC6263871B47457B00EAD10B /* Sources */ = {
			isa = PBXSourcesBuildPhase;
			buildActionMask = 2147483647;
			files = (
				FC6263921B47457B00EAD10B /* networkMashupTests.swift in Sources */,
			);
			runOnlyForDeploymentPostprocessing = 0;
		};
/* End PBXSourcesBuildPhase section */

/* Begin PBXTargetDependency section */
		FC62638D1B47457B00EAD10B /* PBXTargetDependency */ = {
			isa = PBXTargetDependency;
			target = FC6263751B47457B00EAD10B /* networkMashup */;
			targetProxy = FC62638C1B47457B00EAD10B /* PBXContainerItemProxy */;
		};
/* End PBXTargetDependency section */

/* Begin PBXVariantGroup section */
		FC62637F1B47457B00EAD10B /* Main.storyboard */ = {
			isa = PBXVariantGroup;
			children = (
				FC6263801B47457B00EAD10B /* Base */,
			);
			name = Main.storyboard;
			sourceTree = "<group>";
		};
		FC6263841B47457B00EAD10B /* LaunchScreen.xib */ = {
			isa = PBXVariantGroup;
			children = (
				FC6263851B47457B00EAD10B /* Base */,
			);
			name = LaunchScreen.xib;
			sourceTree = "<group>";
		};
/* End PBXVariantGroup section */

/* Begin XCBuildConfiguration section */
		FC6263931B47457B00EAD10B /* Debug */ = {
			isa = XCBuildConfiguration;
			buildSettings = {
				ALWAYS_SEARCH_USER_PATHS = NO;
				CLANG_CXX_LANGUAGE_STANDARD = "gnu++0x";
				CLANG_CXX_LIBRARY = "libc++";
				CLANG_ENABLE_MODULES = YES;
				CLANG_ENABLE_OBJC_ARC = YES;
				CLANG_WARN_BOOL_CONVERSION = YES;
				CLANG_WARN_CONSTANT_CONVERSION = YES;
				CLANG_WARN_DIRECT_OBJC_ISA_USAGE = YES_ERROR;
				CLANG_WARN_EMPTY_BODY = YES;
				CLANG_WARN_ENUM_CONVERSION = YES;
				CLANG_WARN_INT_CONVERSION = YES;
				CLANG_WARN_OBJC_ROOT_CLASS = YES_ERROR;
				CLANG_WARN_UNREACHABLE_CODE = YES;
				CLANG_WARN__DUPLICATE_METHOD_MATCH = YES;
				"CODE_SIGN_IDENTITY[sdk=iphoneos*]" = "iPhone Developer";
				COPY_PHASE_STRIP = NO;
				DEBUG_INFORMATION_FORMAT = "dwarf-with-dsym";
				ENABLE_STRICT_OBJC_MSGSEND = YES;
				GCC_C_LANGUAGE_STANDARD = gnu99;
				GCC_DYNAMIC_NO_PIC = NO;
				GCC_NO_COMMON_BLOCKS = YES;
				GCC_OPTIMIZATION_LEVEL = 0;
				GCC_PREPROCESSOR_DEFINITIONS = (
					"DEBUG=1",
					"$(inherited)",
				);
				GCC_SYMBOLS_PRIVATE_EXTERN = NO;
				GCC_WARN_64_TO_32_BIT_CONVERSION = YES;
				GCC_WARN_ABOUT_RETURN_TYPE = YES_ERROR;
				GCC_WARN_UNDECLARED_SELECTOR = YES;
				GCC_WARN_UNINITIALIZED_AUTOS = YES_AGGRESSIVE;
				GCC_WARN_UNUSED_FUNCTION = YES;
				GCC_WARN_UNUSED_VARIABLE = YES;
				IPHONEOS_DEPLOYMENT_TARGET = 8.3;
				MTL_ENABLE_DEBUG_INFO = YES;
				ONLY_ACTIVE_ARCH = YES;
				SDKROOT = iphoneos;
				SWIFT_OPTIMIZATION_LEVEL = "-Onone";
				TARGETED_DEVICE_FAMILY = "1,2";
			};
			name = Debug;
		};
		FC6263941B47457B00EAD10B /* Release */ = {
			isa = XCBuildConfiguration;
			buildSettings = {
				ALWAYS_SEARCH_USER_PATHS = NO;
				CLANG_CXX_LANGUAGE_STANDARD = "gnu++0x";
				CLANG_CXX_LIBRARY = "libc++";
				CLANG_ENABLE_MODULES = YES;
				CLANG_ENABLE_OBJC_ARC = YES;
				CLANG_WARN_BOOL_CONVERSION = YES;
				CLANG_WARN_CONSTANT_CONVERSION = YES;
				CLANG_WARN_DIRECT_OBJC_ISA_USAGE = YES_ERROR;
				CLANG_WARN_EMPTY_BODY = YES;
				CLANG_WARN_ENUM_CONVERSION = YES;
				CLANG_WARN_INT_CONVERSION = YES;
				CLANG_WARN_OBJC_ROOT_CLASS = YES_ERROR;
				CLANG_WARN_UNREACHABLE_CODE = YES;
				CLANG_WARN__DUPLICATE_METHOD_MATCH = YES;
				"CODE_SIGN_IDENTITY[sdk=iphoneos*]" = "iPhone Developer";
				COPY_PHASE_STRIP = NO;
				DEBUG_INFORMATION_FORMAT = "dwarf-with-dsym";
				ENABLE_NS_ASSERTIONS = NO;
				ENABLE_STRICT_OBJC_MSGSEND = YES;
				GCC_C_LANGUAGE_STANDARD = gnu99;
				GCC_NO_COMMON_BLOCKS = YES;
				GCC_WARN_64_TO_32_BIT_CONVERSION = YES;
				GCC_WARN_ABOUT_RETURN_TYPE = YES_ERROR;
				GCC_WARN_UNDECLARED_SELECTOR = YES;
				GCC_WARN_UNINITIALIZED_AUTOS = YES_AGGRESSIVE;
				GCC_WARN_UNUSED_FUNCTION = YES;
				GCC_WARN_UNUSED_VARIABLE = YES;
				IPHONEOS_DEPLOYMENT_TARGET = 8.3;
				MTL_ENABLE_DEBUG_INFO = NO;
				SDKROOT = iphoneos;
				TARGETED_DEVICE_FAMILY = "1,2";
				VALIDATE_PRODUCT = YES;
			};
			name = Release;
		};
		FC6263961B47457B00EAD10B /* Debug */ = {
			isa = XCBuildConfiguration;
			buildSettings = {
				ASSETCATALOG_COMPILER_APPICON_NAME = AppIcon;
				INFOPLIST_FILE = networkMashup/Info.plist;
				LD_RUNPATH_SEARCH_PATHS = "$(inherited) @executable_path/Frameworks";
				PRODUCT_NAME = "$(TARGET_NAME)";
			};
			name = Debug;
		};
		FC6263971B47457B00EAD10B /* Release */ = {
			isa = XCBuildConfiguration;
			buildSettings = {
				ASSETCATALOG_COMPILER_APPICON_NAME = AppIcon;
				INFOPLIST_FILE = networkMashup/Info.plist;
				LD_RUNPATH_SEARCH_PATHS = "$(inherited) @executable_path/Frameworks";
				PRODUCT_NAME = "$(TARGET_NAME)";
			};
			name = Release;
		};
		FC6263991B47457B00EAD10B /* Debug */ = {
			isa = XCBuildConfiguration;
			buildSettings = {
				BUNDLE_LOADER = "$(TEST_HOST)";
				FRAMEWORK_SEARCH_PATHS = (
					"$(SDKROOT)/Developer/Library/Frameworks",
					"$(inherited)",
				);
				GCC_PREPROCESSOR_DEFINITIONS = (
					"DEBUG=1",
					"$(inherited)",
				);
				INFOPLIST_FILE = networkMashupTests/Info.plist;
				LD_RUNPATH_SEARCH_PATHS = "$(inherited) @executable_path/Frameworks @loader_path/Frameworks";
				PRODUCT_NAME = "$(TARGET_NAME)";
				TEST_HOST = "$(BUILT_PRODUCTS_DIR)/networkMashup.app/networkMashup";
			};
			name = Debug;
		};
		FC62639A1B47457B00EAD10B /* Release */ = {
			isa = XCBuildConfiguration;
			buildSettings = {
				BUNDLE_LOADER = "$(TEST_HOST)";
				FRAMEWORK_SEARCH_PATHS = (
					"$(SDKROOT)/Developer/Library/Frameworks",
					"$(inherited)",
				);
				INFOPLIST_FILE = networkMashupTests/Info.plist;
				LD_RUNPATH_SEARCH_PATHS = "$(inherited) @executable_path/Frameworks @loader_path/Frameworks";
				PRODUCT_NAME = "$(TARGET_NAME)";
				TEST_HOST = "$(BUILT_PRODUCTS_DIR)/networkMashup.app/networkMashup";
			};
			name = Release;
		};
/* End XCBuildConfiguration section */

/* Begin XCConfigurationList section */
		FC6263711B47457B00EAD10B /* Build configuration list for PBXProject "networkMashup" */ = {
			isa = XCConfigurationList;
			buildConfigurations = (
				FC6263931B47457B00EAD10B /* Debug */,
				FC6263941B47457B00EAD10B /* Release */,
			);
			defaultConfigurationIsVisible = 0;
			defaultConfigurationName = Release;
		};
		FC6263951B47457B00EAD10B /* Build configuration list for PBXNativeTarget "networkMashup" */ = {
			isa = XCConfigurationList;
			buildConfigurations = (
				FC6263961B47457B00EAD10B /* Debug */,
				FC6263971B47457B00EAD10B /* Release */,
			);
			defaultConfigurationIsVisible = 0;
		};
		FC6263981B47457B00EAD10B /* Build configuration list for PBXNativeTarget "networkMashupTests" */ = {
			isa = XCConfigurationList;
			buildConfigurations = (
				FC6263991B47457B00EAD10B /* Debug */,
				FC62639A1B47457B00EAD10B /* Release */,
			);
			defaultConfigurationIsVisible = 0;
		};
/* End XCConfigurationList section */
	};
	rootObject = FC62636E1B47457B00EAD10B /* Project object */;
}
